
Microsoft Visual Studio Solution File, Format Version 12.00
# Visual Studio Version 16
VisualStudioVersion = 16.0.30503.244
MinimumVisualStudioVersion = 10.0.40219.1
Project("{9A19103F-16F7-4668-BE54-9A1E7A4F7556}") = "Employee_Payroll_Project", "Employee_Payroll_Project.csproj", "{F5D06A3C-B632-4147-A900-BDB44FBAF83F}"
EndProject
Project("{FAE04EC0-301F-11D3-BF4B-00C04F79EFBC}") = "EmployeePayroll_Test", "..\EmployeePayroll_Test\EmployeePayroll_Test.csproj", "{02933B53-7FC8-48AE-93AC-D399182BAD69}"
EndProject
Global
	GlobalSection(SolutionConfigurationPlatforms) = preSolution
		Debug|Any CPU = Debug|Any CPU
		Release|Any CPU = Release|Any CPU
	EndGlobalSection
	GlobalSection(ProjectConfigurationPlatforms) = postSolution
		{F5D06A3C-B632-4147-A900-BDB44FBAF83F}.Debug|Any CPU.ActiveCfg = Debug|Any CPU
		{F5D06A3C-B632-4147-A900-BDB44FBAF83F}.Debug|Any CPU.Build.0 = Debug|Any CPU
		{F5D06A3C-B632-4147-A900-BDB44FBAF83F}.Release|Any CPU.ActiveCfg = Release|Any CPU
		{F5D06A3C-B632-4147-A900-BDB44FBAF83F}.Release|Any CPU.Build.0 = Release|Any CPU
		{02933B53-7FC8-48AE-93AC-D399182BAD69}.Debug|Any CPU.ActiveCfg = Debug|Any CPU
		{02933B53-7FC8-48AE-93AC-D399182BAD69}.Debug|Any CPU.Build.0 = Debug|Any CPU
		{02933B53-7FC8-48AE-93AC-D399182BAD69}.Release|Any CPU.ActiveCfg = Release|Any CPU
		{02933B53-7FC8-48AE-93AC-D399182BAD69}.Release|Any CPU.Build.0 = Release|Any CPU
	EndGlobalSection
	GlobalSection(SolutionProperties) = preSolution
		HideSolutionNode = FALSE
	EndGlobalSection
	GlobalSection(ExtensibilityGlobals) = postSolution
		SolutionGuid = {6D3FCAE8-12AE-443C-A2D1-4DE8B23C9217}
	EndGlobalSection
EndGlobal
